
Microsoft Visual Studio Solution File, Format Version 12.00
# Visual Studio Version 17
VisualStudioVersion = 17.4.33205.214
MinimumVisualStudioVersion = 10.0.40219.1
Project("{9A19103F-16F7-4668-BE54-9A1E7A4F7556}") = "BT_Remunerare", "BT_Remunerare\BT_Remunerare.csproj", "{BAC843C3-4BDF-4A8F-BE9A-72175570E620}"
EndProject
Project("{9A19103F-16F7-4668-BE54-9A1E7A4F7556}") = "BT_Remunerare.BL", "BT_Remunerare.BL\BT_Remunerare.BL.csproj", "{2EF0CD19-4FE2-4057-8F9F-2C860D1F7A6A}"
EndProject
Project("{9A19103F-16F7-4668-BE54-9A1E7A4F7556}") = "BT_Remunerare.DAL", "BT_Remunerare.DAL\BT_Remunerare.DAL.csproj", "{BC27BCFD-B7ED-4D10-AA5B-47B9C743D53D}"
EndProject
Project("{9A19103F-16F7-4668-BE54-9A1E7A4F7556}") = "BT_Remunerare.TL", "BT_Remunerare.TL\BT_Remunerare.TL.csproj", "{5B0F7CEF-4360-40BB-A2BD-14C0028B374D}"
EndProject
Project("{FAE04EC0-301F-11D3-BF4B-00C04F79EFBC}") = "BT_Remunerare.IntegrationTests", "BT_Remunerare.IntegrationTests\BT_Remunerare.IntegrationTests.csproj", "{94636696-67D8-4C62-BD22-886B0BC41508}"
EndProject
Project("{FAE04EC0-301F-11D3-BF4B-00C04F79EFBC}") = "BT_Remunerare.UnitTests", "BT_Remunerare.UnitTests\BT_Remunerare.UnitTests.csproj", "{7D4BF61B-4968-4038-B975-57E2C7FF3F61}"
EndProject
Project("{FAE04EC0-301F-11D3-BF4B-00C04F79EFBC}") = "BT_Remunerare.Tests", "BT_Remunerare.Tests\BT_Remunerare.Tests.csproj", "{7988BFE3-5967-4AA0-9F60-ABC6E4E1207B}"
EndProject
Global
	GlobalSection(SolutionConfigurationPlatforms) = preSolution
		Debug|Any CPU = Debug|Any CPU
		Release|Any CPU = Release|Any CPU
	EndGlobalSection
	GlobalSection(ProjectConfigurationPlatforms) = postSolution
		{BAC843C3-4BDF-4A8F-BE9A-72175570E620}.Debug|Any CPU.ActiveCfg = Debug|Any CPU
		{BAC843C3-4BDF-4A8F-BE9A-72175570E620}.Debug|Any CPU.Build.0 = Debug|Any CPU
		{BAC843C3-4BDF-4A8F-BE9A-72175570E620}.Release|Any CPU.ActiveCfg = Release|Any CPU
		{BAC843C3-4BDF-4A8F-BE9A-72175570E620}.Release|Any CPU.Build.0 = Release|Any CPU
		{2EF0CD19-4FE2-4057-8F9F-2C860D1F7A6A}.Debug|Any CPU.ActiveCfg = Debug|Any CPU
		{2EF0CD19-4FE2-4057-8F9F-2C860D1F7A6A}.Debug|Any CPU.Build.0 = Debug|Any CPU
		{2EF0CD19-4FE2-4057-8F9F-2C860D1F7A6A}.Release|Any CPU.ActiveCfg = Release|Any CPU
		{2EF0CD19-4FE2-4057-8F9F-2C860D1F7A6A}.Release|Any CPU.Build.0 = Release|Any CPU
		{BC27BCFD-B7ED-4D10-AA5B-47B9C743D53D}.Debug|Any CPU.ActiveCfg = Debug|Any CPU
		{BC27BCFD-B7ED-4D10-AA5B-47B9C743D53D}.Debug|Any CPU.Build.0 = Debug|Any CPU
		{BC27BCFD-B7ED-4D10-AA5B-47B9C743D53D}.Release|Any CPU.ActiveCfg = Release|Any CPU
		{BC27BCFD-B7ED-4D10-AA5B-47B9C743D53D}.Release|Any CPU.Build.0 = Release|Any CPU
		{5B0F7CEF-4360-40BB-A2BD-14C0028B374D}.Debug|Any CPU.ActiveCfg = Debug|Any CPU
		{5B0F7CEF-4360-40BB-A2BD-14C0028B374D}.Debug|Any CPU.Build.0 = Debug|Any CPU
		{5B0F7CEF-4360-40BB-A2BD-14C0028B374D}.Release|Any CPU.ActiveCfg = Release|Any CPU
		{5B0F7CEF-4360-40BB-A2BD-14C0028B374D}.Release|Any CPU.Build.0 = Release|Any CPU
		{94636696-67D8-4C62-BD22-886B0BC41508}.Debug|Any CPU.ActiveCfg = Debug|Any CPU
		{94636696-67D8-4C62-BD22-886B0BC41508}.Debug|Any CPU.Build.0 = Debug|Any CPU
		{94636696-67D8-4C62-BD22-886B0BC41508}.Release|Any CPU.ActiveCfg = Release|Any CPU
		{94636696-67D8-4C62-BD22-886B0BC41508}.Release|Any CPU.Build.0 = Release|Any CPU
		{7D4BF61B-4968-4038-B975-57E2C7FF3F61}.Debug|Any CPU.ActiveCfg = Debug|Any CPU
		{7D4BF61B-4968-4038-B975-57E2C7FF3F61}.Debug|Any CPU.Build.0 = Debug|Any CPU
		{7D4BF61B-4968-4038-B975-57E2C7FF3F61}.Release|Any CPU.ActiveCfg = Release|Any CPU
		{7D4BF61B-4968-4038-B975-57E2C7FF3F61}.Release|Any CPU.Build.0 = Release|Any CPU
		{7988BFE3-5967-4AA0-9F60-ABC6E4E1207B}.Debug|Any CPU.ActiveCfg = Debug|Any CPU
		{7988BFE3-5967-4AA0-9F60-ABC6E4E1207B}.Debug|Any CPU.Build.0 = Debug|Any CPU
		{7988BFE3-5967-4AA0-9F60-ABC6E4E1207B}.Release|Any CPU.ActiveCfg = Release|Any CPU
		{7988BFE3-5967-4AA0-9F60-ABC6E4E1207B}.Release|Any CPU.Build.0 = Release|Any CPU
	EndGlobalSection
	GlobalSection(SolutionProperties) = preSolution
		HideSolutionNode = FALSE
	EndGlobalSection
	GlobalSection(ExtensibilityGlobals) = postSolution
		SolutionGuid = {90FA304B-3E94-4F0E-A999-052914BD6C8F}
	EndGlobalSection
EndGlobal
